
Microsoft Visual Studio Solution File, Format Version 11.00
# Visual Studio 2010
Project("{FAE04EC0-301F-11D3-BF4B-00C04F79EFBC}") = "Assembly-CSharp", "Assembly-CSharp.csproj", "{82E3176C-1452-7C4A-AF3E-9C48C7406F94}"
EndProject
Project("{FAE04EC0-301F-11D3-BF4B-00C04F79EFBC}") = "Assembly-CSharp-Editor", "Assembly-CSharp-Editor.csproj", "{5AC51B7A-A608-985C-6714-B40C21C6E9FA}"
EndProject
Global
	GlobalSection(SolutionConfigurationPlatforms) = preSolution
		Debug|Any CPU = Debug|Any CPU
		Release|Any CPU = Release|Any CPU
	EndGlobalSection
	GlobalSection(ProjectConfigurationPlatforms) = postSolution
		{82E3176C-1452-7C4A-AF3E-9C48C7406F94}.Debug|Any CPU.ActiveCfg = Debug|Any CPU
		{82E3176C-1452-7C4A-AF3E-9C48C7406F94}.Debug|Any CPU.Build.0 = Debug|Any CPU
		{82E3176C-1452-7C4A-AF3E-9C48C7406F94}.Release|Any CPU.ActiveCfg = Release|Any CPU
		{82E3176C-1452-7C4A-AF3E-9C48C7406F94}.Release|Any CPU.Build.0 = Release|Any CPU
		{5AC51B7A-A608-985C-6714-B40C21C6E9FA}.Debug|Any CPU.ActiveCfg = Debug|Any CPU
		{5AC51B7A-A608-985C-6714-B40C21C6E9FA}.Debug|Any CPU.Build.0 = Debug|Any CPU
		{5AC51B7A-A608-985C-6714-B40C21C6E9FA}.Release|Any CPU.ActiveCfg = Release|Any CPU
		{5AC51B7A-A608-985C-6714-B40C21C6E9FA}.Release|Any CPU.Build.0 = Release|Any CPU
	EndGlobalSection
	GlobalSection(SolutionProperties) = preSolution
		HideSolutionNode = FALSE
	EndGlobalSection
	GlobalSection(MonoDevelopProperties) = preSolution
		StartupItem = Assembly-CSharp.csproj
	EndGlobalSection
EndGlobal
